
Microsoft Visual Studio Solution File, Format Version 12.00
# Visual Studio Version 16
VisualStudioVersion = 16.0.30104.148
MinimumVisualStudioVersion = 10.0.40219.1
Project("{FAE04EC0-301F-11D3-BF4B-00C04F79EFBC}") = "AlısVerisSepeti.Mvc", "AlısVerisSepeti.Mvc\AlısVerisSepeti.Mvc.csproj", "{0A7C2F45-E4B7-4C0C-BB03-1531E2B897FC}"
EndProject
Global
	GlobalSection(SolutionConfigurationPlatforms) = preSolution
		Debug|Any CPU = Debug|Any CPU
		Release|Any CPU = Release|Any CPU
	EndGlobalSection
	GlobalSection(ProjectConfigurationPlatforms) = postSolution
		{0A7C2F45-E4B7-4C0C-BB03-1531E2B897FC}.Debug|Any CPU.ActiveCfg = Debug|Any CPU
		{0A7C2F45-E4B7-4C0C-BB03-1531E2B897FC}.Debug|Any CPU.Build.0 = Debug|Any CPU
		{0A7C2F45-E4B7-4C0C-BB03-1531E2B897FC}.Release|Any CPU.ActiveCfg = Release|Any CPU
		{0A7C2F45-E4B7-4C0C-BB03-1531E2B897FC}.Release|Any CPU.Build.0 = Release|Any CPU
	EndGlobalSection
	GlobalSection(SolutionProperties) = preSolution
		HideSolutionNode = FALSE
	EndGlobalSection
	GlobalSection(ExtensibilityGlobals) = postSolution
		SolutionGuid = {207C059D-68F4-4AA8-8799-C69B54D57294}
	EndGlobalSection
EndGlobal
